{
  "name": "05-ERC721",
  "lockfileVersion": 2,
  "requires": true,
  "packages": {
    "": {
      "dependencies": {
        "@openzeppelin/contracts": "^4.3.1"
      }
    },
    "node_modules/@openzeppelin/contracts": {
      "version": "4.3.1",
      "resolved": "https://registry.nlark.com/@openzeppelin/contracts/download/@openzeppelin/contracts-4.3.1.tgz",
      "integrity": "sha1-wB95HObJ05iawaZDJnUB2+M2ueM="
    }
  },
  "dependencies": {
    "@openzeppelin/contracts": {
      "version": "4.3.1",
      "resolved": "https://registry.nlark.com/@openzeppelin/contracts/download/@openzeppelin/contracts-4.3.1.tgz",
      "integrity": "sha1-wB95HObJ05iawaZDJnUB2+M2ueM="
    }
  }
}
